
Microsoft Visual Studio Solution File, Format Version 12.00
# Visual Studio Version 17
VisualStudioVersion = 17.3.32825.248
MinimumVisualStudioVersion = 10.0.40219.1
Project("{FAE04EC0-301F-11D3-BF4B-00C04F79EFBC}") = "text", "text\text.csproj", "{D2BABF0E-CA01-45CC-BE90-515A34D0740C}"
EndProject
Global
	GlobalSection(SolutionConfigurationPlatforms) = preSolution
		Debug|Any CPU = Debug|Any CPU
		Release|Any CPU = Release|Any CPU
	EndGlobalSection
	GlobalSection(ProjectConfigurationPlatforms) = postSolution
		{D2BABF0E-CA01-45CC-BE90-515A34D0740C}.Debug|Any CPU.ActiveCfg = Debug|Any CPU
		{D2BABF0E-CA01-45CC-BE90-515A34D0740C}.Debug|Any CPU.Build.0 = Debug|Any CPU
		{D2BABF0E-CA01-45CC-BE90-515A34D0740C}.Release|Any CPU.ActiveCfg = Release|Any CPU
		{D2BABF0E-CA01-45CC-BE90-515A34D0740C}.Release|Any CPU.Build.0 = Release|Any CPU
	EndGlobalSection
	GlobalSection(SolutionProperties) = preSolution
		HideSolutionNode = FALSE
	EndGlobalSection
	GlobalSection(ExtensibilityGlobals) = postSolution
		SolutionGuid = {956D2307-D46F-4E63-99F2-20AD4EBFC5AC}
	EndGlobalSection
EndGlobal
